// !$*UTF8*$!
{
	archiveVersion = 1;
	classes = {
	};
	objectVersion = 48;
	objects = {

/* Begin PBXBuildFile section */
		6B0112DF20B70B79002E44FD /* AppDelegate.swift in Sources */ = {isa = PBXBuildFile; fileRef = 6B0112DE20B70B79002E44FD /* AppDelegate.swift */; };
		6B0112E120B70B79002E44FD /* ViewController.swift in Sources */ = {isa = PBXBuildFile; fileRef = 6B0112E020B70B79002E44FD /* ViewController.swift */; };
		6B0112E420B70B79002E44FD /* Main.storyboard in Resources */ = {isa = PBXBuildFile; fileRef = 6B0112E220B70B79002E44FD /* Main.storyboard */; };
		6B0112E720B70B79002E44FD /* CoreDataApp.xcdatamodeld in Sources */ = {isa = PBXBuildFile; fileRef = 6B0112E520B70B79002E44FD /* CoreDataApp.xcdatamodeld */; };
		6B0112E920B70B79002E44FD /* Assets.xcassets in Resources */ = {isa = PBXBuildFile; fileRef = 6B0112E820B70B79002E44FD /* Assets.xcassets */; };
		6B0112EC20B70B79002E44FD /* LaunchScreen.storyboard in Resources */ = {isa = PBXBuildFile; fileRef = 6B0112EA20B70B79002E44FD /* LaunchScreen.storyboard */; };
		6B0112F720B70B79002E44FD /* CoreDataAppTests.swift in Sources */ = {isa = PBXBuildFile; fileRef = 6B0112F620B70B79002E44FD /* CoreDataAppTests.swift */; };
		6B01130220B70B79002E44FD /* CoreDataAppUITests.swift in Sources */ = {isa = PBXBuildFile; fileRef = 6B01130120B70B79002E44FD /* CoreDataAppUITests.swift */; };
/* End PBXBuildFile section */

/* Begin PBXContainerItemProxy section */
		6B0112F320B70B79002E44FD /* PBXContainerItemProxy */ = {
			isa = PBXContainerItemProxy;
			containerPortal = 6B0112D320B70B79002E44FD /* Project object */;
			proxyType = 1;
			remoteGlobalIDString = 6B0112DA20B70B79002E44FD;
			remoteInfo = CoreDataApp;
		};
		6B0112FE20B70B79002E44FD /* PBXContainerItemProxy */ = {
			isa = PBXContainerItemProxy;
			containerPortal = 6B0112D320B70B79002E44FD /* Project object */;
			proxyType = 1;
			remoteGlobalIDString = 6B0112DA20B70B79002E44FD;
			remoteInfo = CoreDataApp;
		};
/* End PBXContainerItemProxy section */

/* Begin PBXFileReference section */
		6B0112DB20B70B79002E44FD /* CoreDataApp.app */ = {isa = PBXFileReference; explicitFileType = wrapper.application; includeInIndex = 0; path = CoreDataApp.app; sourceTree = BUILT_PRODUCTS_DIR; };
		6B0112DE20B70B79002E44FD /* AppDelegate.swift */ = {isa = PBXFileReference; lastKnownFileType = sourcecode.swift; path = AppDelegate.swift; sourceTree = "<group>"; };
		6B0112E020B70B79002E44FD /* ViewController.swift */ = {isa = PBXFileReference; lastKnownFileType = sourcecode.swift; path = ViewController.swift; sourceTree = "<group>"; };
		6B0112E320B70B79002E44FD /* Base */ = {isa = PBXFileReference; lastKnownFileType = file.storyboard; name = Base; path = Base.lproj/Main.storyboard; sourceTree = "<group>"; };
		6B0112E620B70B79002E44FD /* CoreDataApp.xcdatamodel */ = {isa = PBXFileReference; lastKnownFileType = wrapper.xcdatamodel; path = CoreDataApp.xcdatamodel; sourceTree = "<group>"; };
		6B0112E820B70B79002E44FD /* Assets.xcassets */ = {isa = PBXFileReference; lastKnownFileType = folder.assetcatalog; path = Assets.xcassets; sourceTree = "<group>"; };
		6B0112EB20B70B79002E44FD /* Base */ = {isa = PBXFileReference; lastKnownFileType = file.storyboard; name = Base; path = Base.lproj/LaunchScreen.storyboard; sourceTree = "<group>"; };
		6B0112ED20B70B79002E44FD /* Info.plist */ = {isa = PBXFileReference; lastKnownFileType = text.plist.xml; path = Info.plist; sourceTree = "<group>"; };
		6B0112F220B70B79002E44FD /* CoreDataAppTests.xctest */ = {isa = PBXFileReference; explicitFileType = wrapper.cfbundle; includeInIndex = 0; path = CoreDataAppTests.xctest; sourceTree = BUILT_PRODUCTS_DIR; };
		6B0112F620B70B79002E44FD /* CoreDataAppTests.swift */ = {isa = PBXFileReference; lastKnownFileType = sourcecode.swift; path = CoreDataAppTests.swift; sourceTree = "<group>"; };
		6B0112F820B70B79002E44FD /* Info.plist */ = {isa = PBXFileReference; lastKnownFileType = text.plist.xml; path = Info.plist; sourceTree = "<group>"; };
		6B0112FD20B70B79002E44FD /* CoreDataAppUITests.xctest */ = {isa = PBXFileReference; explicitFileType = wrapper.cfbundle; includeInIndex = 0; path = CoreDataAppUITests.xctest; sourceTree = BUILT_PRODUCTS_DIR; };
		6B01130120B70B79002E44FD /* CoreDataAppUITests.swift */ = {isa = PBXFileReference; lastKnownFileType = sourcecode.swift; path = CoreDataAppUITests.swift; sourceTree = "<group>"; };
		6B01130320B70B79002E44FD /* Info.plist */ = {isa = PBXFileReference; lastKnownFileType = text.plist.xml; path = Info.plist; sourceTree = "<group>"; };
/* End PBXFileReference section */

/* Begin PBXFrameworksBuildPhase section */
		6B0112D820B70B79002E44FD /* Frameworks */ = {
			isa = PBXFrameworksBuildPhase;
			buildActionMask = 2147483647;
			files = (
			);
			runOnlyForDeploymentPostprocessing = 0;
		};
		6B0112EF20B70B79002E44FD /* Frameworks */ = {
			isa = PBXFrameworksBuildPhase;
			buildActionMask = 2147483647;
			files = (
			);
			runOnlyForDeploymentPostprocessing = 0;
		};
		6B0112FA20B70B79002E44FD /* Frameworks */ = {
			isa = PBXFrameworksBuildPhase;
			buildActionMask = 2147483647;
			files = (
			);
			runOnlyForDeploymentPostprocessing = 0;
		};
/* End PBXFrameworksBuildPhase section */

/* Begin PBXGroup section */
		6B0112D220B70B79002E44FD = {
			isa = PBXGroup;
			children = (
				6B0112DD20B70B79002E44FD /* CoreDataApp */,
				6B0112F520B70B79002E44FD /* CoreDataAppTests */,
				6B01130020B70B79002E44FD /* CoreDataAppUITests */,
				6B0112DC20B70B79002E44FD /* Products */,
			);
			sourceTree = "<group>";
		};
		6B0112DC20B70B79002E44FD /* Products */ = {
			isa = PBXGroup;
			children = (
				6B0112DB20B70B79002E44FD /* CoreDataApp.app */,
				6B0112F220B70B79002E44FD /* CoreDataAppTests.xctest */,
				6B0112FD20B70B79002E44FD /* CoreDataAppUITests.xctest */,
			);
			name = Products;
			sourceTree = "<group>";
		};
		6B0112DD20B70B79002E44FD /* CoreDataApp */ = {
			isa = PBXGroup;
			children = (
				6B0112DE20B70B79002E44FD /* AppDelegate.swift */,
				6B0112E020B70B79002E44FD /* ViewController.swift */,
				6B0112E220B70B79002E44FD /* Main.storyboard */,
				6B0112E820B70B79002E44FD /* Assets.xcassets */,
				6B0112EA20B70B79002E44FD /* LaunchScreen.storyboard */,
				6B0112ED20B70B79002E44FD /* Info.plist */,
				6B0112E520B70B79002E44FD /* CoreDataApp.xcdatamodeld */,
			);
			path = CoreDataApp;
			sourceTree = "<group>";
		};
		6B0112F520B70B79002E44FD /* CoreDataAppTests */ = {
			isa = PBXGroup;
			children = (
				6B0112F620B70B79002E44FD /* CoreDataAppTests.swift */,
				6B0112F820B70B79002E44FD /* Info.plist */,
			);
			path = CoreDataAppTests;
			sourceTree = "<group>";
		};
		6B01130020B70B79002E44FD /* CoreDataAppUITests */ = {
			isa = PBXGroup;
			children = (
				6B01130120B70B79002E44FD /* CoreDataAppUITests.swift */,
				6B01130320B70B79002E44FD /* Info.plist */,
			);
			path = CoreDataAppUITests;
			sourceTree = "<group>";
		};
/* End PBXGroup section */

/* Begin PBXNativeTarget section */
		6B0112DA20B70B79002E44FD /* CoreDataApp */ = {
			isa = PBXNativeTarget;
			buildConfigurationList = 6B01130620B70B79002E44FD /* Build configuration list for PBXNativeTarget "CoreDataApp" */;
			buildPhases = (
				6B0112D720B70B79002E44FD /* Sources */,
				6B0112D820B70B79002E44FD /* Frameworks */,
				6B0112D920B70B79002E44FD /* Resources */,
			);
			buildRules = (
			);
			dependencies = (
			);
			name = CoreDataApp;
			productName = CoreDataApp;
			productReference = 6B0112DB20B70B79002E44FD /* CoreDataApp.app */;
			productType = "com.apple.product-type.application";
		};
		6B0112F120B70B79002E44FD /* CoreDataAppTests */ = {
			isa = PBXNativeTarget;
			buildConfigurationList = 6B01130920B70B79002E44FD /* Build configuration list for PBXNativeTarget "CoreDataAppTests" */;
			buildPhases = (
				6B0112EE20B70B79002E44FD /* Sources */,
				6B0112EF20B70B79002E44FD /* Frameworks */,
				6B0112F020B70B79002E44FD /* Resources */,
			);
			buildRules = (
			);
			dependencies = (
				6B0112F420B70B79002E44FD /* PBXTargetDependency */,
			);
			name = CoreDataAppTests;
			productName = CoreDataAppTests;
			productReference = 6B0112F220B70B79002E44FD /* CoreDataAppTests.xctest */;
			productType = "com.apple.product-type.bundle.unit-test";
		};
		6B0112FC20B70B79002E44FD /* CoreDataAppUITests */ = {
			isa = PBXNativeTarget;
			buildConfigurationList = 6B01130C20B70B79002E44FD /* Build configuration list for PBXNativeTarget "CoreDataAppUITests" */;
			buildPhases = (
				6B0112F920B70B79002E44FD /* Sources */,
				6B0112FA20B70B79002E44FD /* Frameworks */,
				6B0112FB20B70B79002E44FD /* Resources */,
			);
			buildRules = (
			);
			dependencies = (
				6B0112FF20B70B79002E44FD /* PBXTargetDependency */,
			);
			name = CoreDataAppUITests;
			productName = CoreDataAppUITests;
			productReference = 6B0112FD20B70B79002E44FD /* CoreDataAppUITests.xctest */;
			productType = "com.apple.product-type.bundle.ui-testing";
		};
/* End PBXNativeTarget section */

/* Begin PBXProject section */
		6B0112D320B70B79002E44FD /* Project object */ = {
			isa = PBXProject;
			attributes = {
				LastSwiftUpdateCheck = 0910;
				LastUpgradeCheck = 0910;
				ORGANIZATIONNAME = "Pranoti Kulkarni";
				TargetAttributes = {
					6B0112DA20B70B79002E44FD = {
						CreatedOnToolsVersion = 9.1;
						ProvisioningStyle = Automatic;
					};
					6B0112F120B70B79002E44FD = {
						CreatedOnToolsVersion = 9.1;
						ProvisioningStyle = Automatic;
						TestTargetID = 6B0112DA20B70B79002E44FD;
					};
					6B0112FC20B70B79002E44FD = {
						CreatedOnToolsVersion = 9.1;
						ProvisioningStyle = Automatic;
						TestTargetID = 6B0112DA20B70B79002E44FD;
					};
				};
			};
			buildConfigurationList = 6B0112D620B70B79002E44FD /* Build configuration list for PBXProject "CoreDataApp" */;
			compatibilityVersion = "Xcode 8.0";
			developmentRegion = en;
			hasScannedForEncodings = 0;
			knownRegions = (
				en,
				Base,
			);
			mainGroup = 6B0112D220B70B79002E44FD;
			productRefGroup = 6B0112DC20B70B79002E44FD /* Products */;
			projectDirPath = "";
			projectRoot = "";
			targets = (
				6B0112DA20B70B79002E44FD /* CoreDataApp */,
				6B0112F120B70B79002E44FD /* CoreDataAppTests */,
				6B0112FC20B70B79002E44FD /* CoreDataAppUITests */,
			);
		};
/* End PBXProject section */

/* Begin PBXResourcesBuildPhase section */
		6B0112D920B70B79002E44FD /* Resources */ = {
			isa = PBXResourcesBuildPhase;
			buildActionMask = 2147483647;
			files = (
				6B0112EC20B70B79002E44FD /* LaunchScreen.storyboard in Resources */,
				6B0112E920B70B79002E44FD /* Assets.xcassets in Resources */,
				6B0112E420B70B79002E44FD /* Main.storyboard in Resources */,
			);
			runOnlyForDeploymentPostprocessing = 0;
		};
		6B0112F020B70B79002E44FD /* Resources */ = {
			isa = PBXResourcesBuildPhase;
			buildActionMask = 2147483647;
			files = (
			);
			runOnlyForDeploymentPostprocessing = 0;
		};
		6B0112FB20B70B79002E44FD /* Resources */ = {
			isa = PBXResourcesBuildPhase;
			buildActionMask = 2147483647;
			files = (
			);
			runOnlyForDeploymentPostprocessing = 0;
		};
/* End PBXResourcesBuildPhase section */

/* Begin PBXSourcesBuildPhase section */
		6B0112D720B70B79002E44FD /* Sources */ = {
			isa = PBXSourcesBuildPhase;
			buildActionMask = 2147483647;
			files = (
				6B0112E120B70B79002E44FD /* ViewController.swift in Sources */,
				6B0112E720B70B79002E44FD /* CoreDataApp.xcdatamodeld in Sources */,
				6B0112DF20B70B79002E44FD /* AppDelegate.swift in Sources */,
			);
			runOnlyForDeploymentPostprocessing = 0;
		};
		6B0112EE20B70B79002E44FD /* Sources */ = {
			isa = PBXSourcesBuildPhase;
			buildActionMask = 2147483647;
			files = (
				6B0112F720B70B79002E44FD /* CoreDataAppTests.swift in Sources */,
			);
			runOnlyForDeploymentPostprocessing = 0;
		};
		6B0112F920B70B79002E44FD /* Sources */ = {
			isa = PBXSourcesBuildPhase;
			buildActionMask = 2147483647;
			files = (
				6B01130220B70B79002E44FD /* CoreDataAppUITests.swift in Sources */,
			);
			runOnlyForDeploymentPostprocessing = 0;
		};
/* End PBXSourcesBuildPhase section */

/* Begin PBXTargetDependency section */
		6B0112F420B70B79002E44FD /* PBXTargetDependency */ = {
			isa = PBXTargetDependency;
			target = 6B0112DA20B70B79002E44FD /* CoreDataApp */;
			targetProxy = 6B0112F320B70B79002E44FD /* PBXContainerItemProxy */;
		};
		6B0112FF20B70B79002E44FD /* PBXTargetDependency */ = {
			isa = PBXTargetDependency;
			target = 6B0112DA20B70B79002E44FD /* CoreDataApp */;
			targetProxy = 6B0112FE20B70B79002E44FD /* PBXContainerItemProxy */;
		};
/* End PBXTargetDependency section */

/* Begin PBXVariantGroup section */
		6B0112E220B70B79002E44FD /* Main.storyboard */ = {
			isa = PBXVariantGroup;
			children = (
				6B0112E320B70B79002E44FD /* Base */,
			);
			name = Main.storyboard;
			sourceTree = "<group>";
		};
		6B0112EA20B70B79002E44FD /* LaunchScreen.storyboard */ = {
			isa = PBXVariantGroup;
			children = (
				6B0112EB20B70B79002E44FD /* Base */,
			);
			name = LaunchScreen.storyboard;
			sourceTree = "<group>";
		};
/* End PBXVariantGroup section */

/* Begin XCBuildConfiguration section */
		6B01130420B70B79002E44FD /* Debug */ = {
			isa = XCBuildConfiguration;
			buildSettings = {
				ALWAYS_SEARCH_USER_PATHS = NO;
				CLANG_ANALYZER_NONNULL = YES;
				CLANG_ANALYZER_NUMBER_OBJECT_CONVERSION = YES_AGGRESSIVE;
				CLANG_CXX_LANGUAGE_STANDARD = "gnu++14";
				CLANG_CXX_LIBRARY = "libc++";
				CLANG_ENABLE_MODULES = YES;
				CLANG_ENABLE_OBJC_ARC = YES;
				CLANG_WARN_BLOCK_CAPTURE_AUTORELEASING = YES;
				CLANG_WARN_BOOL_CONVERSION = YES;
				CLANG_WARN_COMMA = YES;
				CLANG_WARN_CONSTANT_CONVERSION = YES;
				CLANG_WARN_DIRECT_OBJC_ISA_USAGE = YES_ERROR;
				CLANG_WARN_DOCUMENTATION_COMMENTS = YES;
				CLANG_WARN_EMPTY_BODY = YES;
				CLANG_WARN_ENUM_CONVERSION = YES;
				CLANG_WARN_INFINITE_RECURSION = YES;
				CLANG_WARN_INT_CONVERSION = YES;
				CLANG_WARN_NON_LITERAL_NULL_CONVERSION = YES;
				CLANG_WARN_OBJC_LITERAL_CONVERSION = YES;
				CLANG_WARN_OBJC_ROOT_CLASS = YES_ERROR;
				CLANG_WARN_RANGE_LOOP_ANALYSIS = YES;
				CLANG_WARN_STRICT_PROTOTYPES = YES;
				CLANG_WARN_SUSPICIOUS_MOVE = YES;
				CLANG_WARN_UNGUARDED_AVAILABILITY = YES_AGGRESSIVE;
				CLANG_WARN_UNREACHABLE_CODE = YES;
				CLANG_WARN__DUPLICATE_METHOD_MATCH = YES;
				CODE_SIGN_IDENTITY = "iPhone Developer";
				COPY_PHASE_STRIP = NO;
				DEBUG_INFORMATION_FORMAT = dwarf;
				ENABLE_STRICT_OBJC_MSGSEND = YES;
				ENABLE_TESTABILITY = YES;
				GCC_C_LANGUAGE_STANDARD = gnu11;
				GCC_DYNAMIC_NO_PIC = NO;
				GCC_NO_COMMON_BLOCKS = YES;
				GCC_OPTIMIZATION_LEVEL = 0;
				GCC_PREPROCESSOR_DEFINITIONS = (
					"DEBUG=1",
					"$(inherited)",
				);
				GCC_WARN_64_TO_32_BIT_CONVERSION = YES;
				GCC_WARN_ABOUT_RETURN_TYPE = YES_ERROR;
				GCC_WARN_UNDECLARED_SELECTOR = YES;
				GCC_WARN_UNINITIALIZED_AUTOS = YES_AGGRESSIVE;
				GCC_WARN_UNUSED_FUNCTION = YES;
				GCC_WARN_UNUSED_VARIABLE = YES;
				IPHONEOS_DEPLOYMENT_TARGET = 11.1;
				MTL_ENABLE_DEBUG_INFO = YES;
				ONLY_ACTIVE_ARCH = YES;
				SDKROOT = iphoneos;
				SWIFT_ACTIVE_COMPILATION_CONDITIONS = DEBUG;
				SWIFT_OPTIMIZATION_LEVEL = "-Onone";
			};
			name = Debug;
		};
		6B01130520B70B79002E44FD /* Release */ = {
			isa = XCBuildConfiguration;
			buildSettings = {
				ALWAYS_SEARCH_USER_PATHS = NO;
				CLANG_ANALYZER_NONNULL = YES;
				CLANG_ANALYZER_NUMBER_OBJECT_CONVERSION = YES_AGGRESSIVE;
				CLANG_CXX_LANGUAGE_STANDARD = "gnu++14";
				CLANG_CXX_LIBRARY = "libc++";
				CLANG_ENABLE_MODULES = YES;
				CLANG_ENABLE_OBJC_ARC = YES;
				CLANG_WARN_BLOCK_CAPTURE_AUTORELEASING = YES;
				CLANG_WARN_BOOL_CONVERSION = YES;
				CLANG_WARN_COMMA = YES;
				CLANG_WARN_CONSTANT_CONVERSION = YES;
				CLANG_WARN_DIRECT_OBJC_ISA_USAGE = YES_ERROR;
				CLANG_WARN_DOCUMENTATION_COMMENTS = YES;
				CLANG_WARN_EMPTY_BODY = YES;
				CLANG_WARN_ENUM_CONVERSION = YES;
				CLANG_WARN_INFINITE_RECURSION = YES;
				CLANG_WARN_INT_CONVERSION = YES;
				CLANG_WARN_NON_LITERAL_NULL_CONVERSION = YES;
				CLANG_WARN_OBJC_LITERAL_CONVERSION = YES;
				CLANG_WARN_OBJC_ROOT_CLASS = YES_ERROR;
				CLANG_WARN_RANGE_LOOP_ANALYSIS = YES;
				CLANG_WARN_STRICT_PROTOTYPES = YES;
				CLANG_WARN_SUSPICIOUS_MOVE = YES;
				CLANG_WARN_UNGUARDED_AVAILABILITY = YES_AGGRESSIVE;
				CLANG_WARN_UNREACHABLE_CODE = YES;
				CLANG_WARN__DUPLICATE_METHOD_MATCH = YES;
				CODE_SIGN_IDENTITY = "iPhone Developer";
				COPY_PHASE_STRIP = NO;
				DEBUG_INFORMATION_FORMAT = "dwarf-with-dsym";
				ENABLE_NS_ASSERTIONS = NO;
				ENABLE_STRICT_OBJC_MSGSEND = YES;
				GCC_C_LANGUAGE_STANDARD = gnu11;
				GCC_NO_COMMON_BLOCKS = YES;
				GCC_WARN_64_TO_32_BIT_CONVERSION = YES;
				GCC_WARN_ABOUT_RETURN_TYPE = YES_ERROR;
				GCC_WARN_UNDECLARED_SELECTOR = YES;
				GCC_WARN_UNINITIALIZED_AUTOS = YES_AGGRESSIVE;
				GCC_WARN_UNUSED_FUNCTION = YES;
				GCC_WARN_UNUSED_VARIABLE = YES;
				IPHONEOS_DEPLOYMENT_TARGET = 11.1;
				MTL_ENABLE_DEBUG_INFO = NO;
				SDKROOT = iphoneos;
				SWIFT_OPTIMIZATION_LEVEL = "-Owholemodule";
				VALIDATE_PRODUCT = YES;
			};
			name = Release;
		};
		6B01130720B70B79002E44FD /* Debug */ = {
			isa = XCBuildConfiguration;
			buildSettings = {
				ASSETCATALOG_COMPILER_APPICON_NAME = AppIcon;
				CODE_SIGN_STYLE = Automatic;
				INFOPLIST_FILE = CoreDataApp/Info.plist;
				LD_RUNPATH_SEARCH_PATHS = "$(inherited) @executable_path/Frameworks";
				PRODUCT_BUNDLE_IDENTIFIER = com.example.CoreDataApp;
				PRODUCT_NAME = "$(TARGET_NAME)";
				SWIFT_VERSION = 4.0;
				TARGETED_DEVICE_FAMILY = "1,2";
			};
			name = Debug;
		};
		6B01130820B70B79002E44FD /* Release */ = {
			isa = XCBuildConfiguration;
			buildSettings = {
				ASSETCATALOG_COMPILER_APPICON_NAME = AppIcon;
				CODE_SIGN_STYLE = Automatic;
				INFOPLIST_FILE = CoreDataApp/Info.plist;
				LD_RUNPATH_SEARCH_PATHS = "$(inherited) @executable_path/Frameworks";
				PRODUCT_BUNDLE_IDENTIFIER = com.example.CoreDataApp;
				PRODUCT_NAME = "$(TARGET_NAME)";
				SWIFT_VERSION = 4.0;
				TARGETED_DEVICE_FAMILY = "1,2";
			};
			name = Release;
		};
		6B01130A20B70B79002E44FD /* Debug */ = {
			isa = XCBuildConfiguration;
			buildSettings = {
				ALWAYS_EMBED_SWIFT_STANDARD_LIBRARIES = YES;
				BUNDLE_LOADER = "$(TEST_HOST)";
				CODE_SIGN_STYLE = Automatic;
				INFOPLIST_FILE = CoreDataAppTests/Info.plist;
				LD_RUNPATH_SEARCH_PATHS = "$(inherited) @executable_path/Frameworks @loader_path/Frameworks";
				PRODUCT_BUNDLE_IDENTIFIER = com.example.CoreDataAppTests;
				PRODUCT_NAME = "$(TARGET_NAME)";
				SWIFT_VERSION = 4.0;
				TARGETED_DEVICE_FAMILY = "1,2";
				TEST_HOST = "$(BUILT_PRODUCTS_DIR)/CoreDataApp.app/CoreDataApp";
			};
			name = Debug;
		};
		6B01130B20B70B79002E44FD /* Release */ = {
			isa = XCBuildConfiguration;
			buildSettings = {
				ALWAYS_EMBED_SWIFT_STANDARD_LIBRARIES = YES;
				BUNDLE_LOADER = "$(TEST_HOST)";
				CODE_SIGN_STYLE = Automatic;
				INFOPLIST_FILE = CoreDataAppTests/Info.plist;
				LD_RUNPATH_SEARCH_PATHS = "$(inherited) @executable_path/Frameworks @loader_path/Frameworks";
				PRODUCT_BUNDLE_IDENTIFIER = com.example.CoreDataAppTests;
				PRODUCT_NAME = "$(TARGET_NAME)";
				SWIFT_VERSION = 4.0;
				TARGETED_DEVICE_FAMILY = "1,2";
				TEST_HOST = "$(BUILT_PRODUCTS_DIR)/CoreDataApp.app/CoreDataApp";
			};
			name = Release;
		};
		6B01130D20B70B79002E44FD /* Debug */ = {
			isa = XCBuildConfiguration;
			buildSettings = {
				ALWAYS_EMBED_SWIFT_STANDARD_LIBRARIES = YES;
				CODE_SIGN_STYLE = Automatic;
				INFOPLIST_FILE = CoreDataAppUITests/Info.plist;
				LD_RUNPATH_SEARCH_PATHS = "$(inherited) @executable_path/Frameworks @loader_path/Frameworks";
				PRODUCT_BUNDLE_IDENTIFIER = com.example.CoreDataAppUITests;
				PRODUCT_NAME = "$(TARGET_NAME)";
				SWIFT_VERSION = 4.0;
				TARGETED_DEVICE_FAMILY = "1,2";
				TEST_TARGET_NAME = CoreDataApp;
			};
			name = Debug;
		};
		6B01130E20B70B79002E44FD /* Release */ = {
			isa = XCBuildConfiguration;
			buildSettings = {
				ALWAYS_EMBED_SWIFT_STANDARD_LIBRARIES = YES;
				CODE_SIGN_STYLE = Automatic;
				INFOPLIST_FILE = CoreDataAppUITests/Info.plist;
				LD_RUNPATH_SEARCH_PATHS = "$(inherited) @executable_path/Frameworks @loader_path/Frameworks";
				PRODUCT_BUNDLE_IDENTIFIER = com.example.CoreDataAppUITests;
				PRODUCT_NAME = "$(TARGET_NAME)";
				SWIFT_VERSION = 4.0;
				TARGETED_DEVICE_FAMILY = "1,2";
				TEST_TARGET_NAME = CoreDataApp;
			};
			name = Release;
		};
/* End XCBuildConfiguration section */

/* Begin XCConfigurationList section */
		6B0112D620B70B79002E44FD /* Build configuration list for PBXProject "CoreDataApp" */ = {
			isa = XCConfigurationList;
			buildConfigurations = (
				6B01130420B70B79002E44FD /* Debug */,
				6B01130520B70B79002E44FD /* Release */,
			);
			defaultConfigurationIsVisible = 0;
			defaultConfigurationName = Release;
		};
		6B01130620B70B79002E44FD /* Build configuration list for PBXNativeTarget "CoreDataApp" */ = {
			isa = XCConfigurationList;
			buildConfigurations = (
				6B01130720B70B79002E44FD /* Debug */,
				6B01130820B70B79002E44FD /* Release */,
			);
			defaultConfigurationIsVisible = 0;
			defaultConfigurationName = Release;
		};
		6B01130920B70B79002E44FD /* Build configuration list for PBXNativeTarget "CoreDataAppTests" */ = {
			isa = XCConfigurationList;
			buildConfigurations = (
				6B01130A20B70B79002E44FD /* Debug */,
				6B01130B20B70B79002E44FD /* Release */,
			);
			defaultConfigurationIsVisible = 0;
			defaultConfigurationName = Release;
		};
		6B01130C20B70B79002E44FD /* Build configuration list for PBXNativeTarget "CoreDataAppUITests" */ = {
			isa = XCConfigurationList;
			buildConfigurations = (
				6B01130D20B70B79002E44FD /* Debug */,
				6B01130E20B70B79002E44FD /* Release */,
			);
			defaultConfigurationIsVisible = 0;
			defaultConfigurationName = Release;
		};
/* End XCConfigurationList section */

/* Begin XCVersionGroup section */
		6B0112E520B70B79002E44FD /* CoreDataApp.xcdatamodeld */ = {
			isa = XCVersionGroup;
			children = (
				6B0112E620B70B79002E44FD /* CoreDataApp.xcdatamodel */,
			);
			currentVersion = 6B0112E620B70B79002E44FD /* CoreDataApp.xcdatamodel */;
			path = CoreDataApp.xcdatamodeld;
			sourceTree = "<group>";
			versionGroupType = wrapper.xcdatamodel;
		};
/* End XCVersionGroup section */
	};
	rootObject = 6B0112D320B70B79002E44FD /* Project object */;
}
